
Microsoft Visual Studio Solution File, Format Version 12.00
# Visual Studio Version 17
VisualStudioVersion = 17.10.35013.160
MinimumVisualStudioVersion = 10.0.40219.1
Project("{FAE04EC0-301F-11D3-BF4B-00C04F79EFBC}") = "02.07", "02.07.csproj", "{F84A7102-628D-4511-AD91-15BAF39CD2D0}"
EndProject
Global
	GlobalSection(SolutionConfigurationPlatforms) = preSolution
		Debug|Any CPU = Debug|Any CPU
		Release|Any CPU = Release|Any CPU
	EndGlobalSection
	GlobalSection(ProjectConfigurationPlatforms) = postSolution
		{F84A7102-628D-4511-AD91-15BAF39CD2D0}.Debug|Any CPU.ActiveCfg = Debug|Any CPU
		{F84A7102-628D-4511-AD91-15BAF39CD2D0}.Debug|Any CPU.Build.0 = Debug|Any CPU
		{F84A7102-628D-4511-AD91-15BAF39CD2D0}.Release|Any CPU.ActiveCfg = Release|Any CPU
		{F84A7102-628D-4511-AD91-15BAF39CD2D0}.Release|Any CPU.Build.0 = Release|Any CPU
	EndGlobalSection
	GlobalSection(SolutionProperties) = preSolution
		HideSolutionNode = FALSE
	EndGlobalSection
	GlobalSection(ExtensibilityGlobals) = postSolution
		SolutionGuid = {944B4B11-C9C1-4DA0-897C-AB68782B2CFA}
	EndGlobalSection
EndGlobal
